
Microsoft Visual Studio Solution File, Format Version 12.00
# Visual Studio Version 16
VisualStudioVersion = 16.0.30804.86
MinimumVisualStudioVersion = 10.0.40219.1
Project("{9A19103F-16F7-4668-BE54-9A1E7A4F7556}") = "City_maps.WebAPI", "City_maps.WebAPI\City_maps.WebAPI.csproj", "{0A831E0F-CC5B-49F8-8BF8-2D9DBDE2FE5D}"
EndProject
Project("{9A19103F-16F7-4668-BE54-9A1E7A4F7556}") = "City_maps.Models", "City_maps.Models\City_maps.Models.csproj", "{D2EA0794-C5D3-4A3C-98D1-4D92E18EE316}"
EndProject
Project("{9A19103F-16F7-4668-BE54-9A1E7A4F7556}") = "City_maps.IServices", "City_maps.IServices\City_maps.IServices.csproj", "{266C368D-9660-4811-9073-8D28F1CF34A2}"
EndProject
Project("{9A19103F-16F7-4668-BE54-9A1E7A4F7556}") = "City_maps.Services", "City_maps.Services\City_maps.Services.csproj", "{754902B8-30DC-40D1-975E-12D13C4909EA}"
EndProject
Global
	GlobalSection(SolutionConfigurationPlatforms) = preSolution
		Debug|Any CPU = Debug|Any CPU
		Release|Any CPU = Release|Any CPU
	EndGlobalSection
	GlobalSection(ProjectConfigurationPlatforms) = postSolution
		{0A831E0F-CC5B-49F8-8BF8-2D9DBDE2FE5D}.Debug|Any CPU.ActiveCfg = Debug|Any CPU
		{0A831E0F-CC5B-49F8-8BF8-2D9DBDE2FE5D}.Debug|Any CPU.Build.0 = Debug|Any CPU
		{0A831E0F-CC5B-49F8-8BF8-2D9DBDE2FE5D}.Release|Any CPU.ActiveCfg = Release|Any CPU
		{0A831E0F-CC5B-49F8-8BF8-2D9DBDE2FE5D}.Release|Any CPU.Build.0 = Release|Any CPU
		{D2EA0794-C5D3-4A3C-98D1-4D92E18EE316}.Debug|Any CPU.ActiveCfg = Debug|Any CPU
		{D2EA0794-C5D3-4A3C-98D1-4D92E18EE316}.Debug|Any CPU.Build.0 = Debug|Any CPU
		{D2EA0794-C5D3-4A3C-98D1-4D92E18EE316}.Release|Any CPU.ActiveCfg = Release|Any CPU
		{D2EA0794-C5D3-4A3C-98D1-4D92E18EE316}.Release|Any CPU.Build.0 = Release|Any CPU
		{266C368D-9660-4811-9073-8D28F1CF34A2}.Debug|Any CPU.ActiveCfg = Debug|Any CPU
		{266C368D-9660-4811-9073-8D28F1CF34A2}.Debug|Any CPU.Build.0 = Debug|Any CPU
		{266C368D-9660-4811-9073-8D28F1CF34A2}.Release|Any CPU.ActiveCfg = Release|Any CPU
		{266C368D-9660-4811-9073-8D28F1CF34A2}.Release|Any CPU.Build.0 = Release|Any CPU
		{754902B8-30DC-40D1-975E-12D13C4909EA}.Debug|Any CPU.ActiveCfg = Debug|Any CPU
		{754902B8-30DC-40D1-975E-12D13C4909EA}.Debug|Any CPU.Build.0 = Debug|Any CPU
		{754902B8-30DC-40D1-975E-12D13C4909EA}.Release|Any CPU.ActiveCfg = Release|Any CPU
		{754902B8-30DC-40D1-975E-12D13C4909EA}.Release|Any CPU.Build.0 = Release|Any CPU
	EndGlobalSection
	GlobalSection(SolutionProperties) = preSolution
		HideSolutionNode = FALSE
	EndGlobalSection
	GlobalSection(ExtensibilityGlobals) = postSolution
		SolutionGuid = {E75DBEDD-3A2A-4260-8ECD-39A0AA4BCF51}
	EndGlobalSection
EndGlobal
